Microsoft Visual Studio Solution File, Format Version 12.00
# Visual Studio Version 17
VisualStudioVersion = 17.5.2.0
MinimumVisualStudioVersion = 10.0.40219.1
Project("{FAE04EC0-301F-11D3-BF4B-00C04F79EFBC}") = "CrudCarros", "CrudCarros.csproj", "{78208315-1560-D7DA-CF03-0FD3A3E76A1E}"
EndProject
Global
	GlobalSection(SolutionConfigurationPlatforms) = preSolution
		Debug|Any CPU = Debug|Any CPU
		Release|Any CPU = Release|Any CPU
	EndGlobalSection
	GlobalSection(ProjectConfigurationPlatforms) = postSolution
		{78208315-1560-D7DA-CF03-0FD3A3E76A1E}.Debug|Any CPU.ActiveCfg = Debug|Any CPU
		{78208315-1560-D7DA-CF03-0FD3A3E76A1E}.Debug|Any CPU.Build.0 = Debug|Any CPU
		{78208315-1560-D7DA-CF03-0FD3A3E76A1E}.Release|Any CPU.ActiveCfg = Release|Any CPU
		{78208315-1560-D7DA-CF03-0FD3A3E76A1E}.Release|Any CPU.Build.0 = Release|Any CPU
	EndGlobalSection
	GlobalSection(SolutionProperties) = preSolution
		HideSolutionNode = FALSE
	EndGlobalSection
	GlobalSection(ExtensibilityGlobals) = postSolution
		SolutionGuid = {A0605E33-B3F3-4509-AF8D-6A89161C451C}
	EndGlobalSection
EndGlobal
